
Microsoft Visual Studio Solution File, Format Version 12.00
# Visual Studio Version 16
VisualStudioVersion = 16.0.31515.178
MinimumVisualStudioVersion = 10.0.40219.1
Project("{9A19103F-16F7-4668-BE54-9A1E7A4F7556}") = "PhaseProject4", "PhaseProject4\PhaseProject4.csproj", "{327CEE4D-86EA-4A5A-B9C1-C6B93A16E49F}"
EndProject
Project("{9A19103F-16F7-4668-BE54-9A1E7A4F7556}") = "AutomationProject", "AutomationProject\AutomationProject.csproj", "{47ACB6CA-4C78-4651-B698-22DDDF5A64BA}"
EndProject
Project("{FAE04EC0-301F-11D3-BF4B-00C04F79EFBC}") = "TestProject", "TestProject\TestProject.csproj", "{5CC6EC87-E484-4C66-956F-8DECC687F20A}"
EndProject
Global
	GlobalSection(SolutionConfigurationPlatforms) = preSolution
		Debug|Any CPU = Debug|Any CPU
		Release|Any CPU = Release|Any CPU
	EndGlobalSection
	GlobalSection(ProjectConfigurationPlatforms) = postSolution
		{327CEE4D-86EA-4A5A-B9C1-C6B93A16E49F}.Debug|Any CPU.ActiveCfg = Debug|Any CPU
		{327CEE4D-86EA-4A5A-B9C1-C6B93A16E49F}.Debug|Any CPU.Build.0 = Debug|Any CPU
		{327CEE4D-86EA-4A5A-B9C1-C6B93A16E49F}.Release|Any CPU.ActiveCfg = Release|Any CPU
		{327CEE4D-86EA-4A5A-B9C1-C6B93A16E49F}.Release|Any CPU.Build.0 = Release|Any CPU
		{47ACB6CA-4C78-4651-B698-22DDDF5A64BA}.Debug|Any CPU.ActiveCfg = Debug|Any CPU
		{47ACB6CA-4C78-4651-B698-22DDDF5A64BA}.Debug|Any CPU.Build.0 = Debug|Any CPU
		{47ACB6CA-4C78-4651-B698-22DDDF5A64BA}.Release|Any CPU.ActiveCfg = Release|Any CPU
		{47ACB6CA-4C78-4651-B698-22DDDF5A64BA}.Release|Any CPU.Build.0 = Release|Any CPU
		{5CC6EC87-E484-4C66-956F-8DECC687F20A}.Debug|Any CPU.ActiveCfg = Debug|Any CPU
		{5CC6EC87-E484-4C66-956F-8DECC687F20A}.Debug|Any CPU.Build.0 = Debug|Any CPU
		{5CC6EC87-E484-4C66-956F-8DECC687F20A}.Release|Any CPU.ActiveCfg = Release|Any CPU
		{5CC6EC87-E484-4C66-956F-8DECC687F20A}.Release|Any CPU.Build.0 = Release|Any CPU
	EndGlobalSection
	GlobalSection(SolutionProperties) = preSolution
		HideSolutionNode = FALSE
	EndGlobalSection
	GlobalSection(ExtensibilityGlobals) = postSolution
		SolutionGuid = {F541DF5E-9B08-4398-99FA-57B45832690D}
	EndGlobalSection
EndGlobal
